
Microsoft Visual Studio Solution File, Format Version 12.00
# Visual Studio Version 18
VisualStudioVersion = 18.10.12217.157 stable
MinimumVisualStudioVersion = 10.0.40219.1
Project("{FAE04EC0-301F-11D3-BF4B-00C04F79EFBC}") = "ColmapSharp", "..\ColmapSharp\ColmapSharp.csproj", "{1F0BABE5-5CDC-44E2-9F4A-44EACBA6A4CA}"
EndProject
Project("{FAE04EC0-301F-11D3-BF4B-00C04F79EFBC}") = "ColmapDemo", "ColmapDemo\ColmapDemo.csproj", "{3D607104-50E5-4BC4-AD34-65F1E899C509}"
EndProject
Project("{2150E333-8FDC-42A3-9474-1A3956D46DE8}") = "agg-sharp", "agg-sharp", "{3E9D9A88-ACEA-C913-9076-3449FDF807EE}"
EndProject
Project("{2150E333-8FDC-42A3-9474-1A3956D46DE8}") = "agg", "agg", "{DB2CFDC9-3919-8C6F-39EA-50884AE18660}"
EndProject
Project("{FAE04EC0-301F-11D3-BF4B-00C04F79EFBC}") = "Agg", "agg-sharp\agg\Agg.csproj", "{3D659726-FE32-4ED2-B74F-EFE81127DE44}"
EndProject
Project("{2150E333-8FDC-42A3-9474-1A3956D46DE8}") = "Typography", "Typography", "{708D99C9-17C2-C7B5-9AAE-469459555209}"
EndProject
Project("{FAE04EC0-301F-11D3-BF4B-00C04F79EFBC}") = "Typography.One", "agg-sharp\Typography\Typography.One\Typography.One.csproj", "{AA6F16F2-CBEE-4C8A-8D02-6A934D8C7CEB}"
EndProject
Project("{FAE04EC0-301F-11D3-BF4B-00C04F79EFBC}") = "VectorMath", "agg-sharp\VectorMath\VectorMath.csproj", "{2B21D48C-4D23-4A92-8883-713457B02BA6}"
EndProject
Project("{FAE04EC0-301F-11D3-BF4B-00C04F79EFBC}") = "Gui", "agg-sharp\Gui\Gui.csproj", "{6FE683F2-E55F-4E43-B3A7-D108FF0C5C44}"
EndProject
Project("{FAE04EC0-301F-11D3-BF4B-00C04F79EFBC}") = "DataConverters2D", "agg-sharp\DataConverters2D\DataConverters2D.csproj", "{133ECAC2-2E74-4F03-8B74-B0AA22EC8E2E}"
EndProject
Project("{FAE04EC0-301F-11D3-BF4B-00C04F79EFBC}") = "clipper_library", "agg-sharp\clipper_library\clipper_library.csproj", "{4FA8F52C-7005-4E69-8439-589BDBE42B3B}"
EndProject
Project("{FAE04EC0-301F-11D3-BF4B-00C04F79EFBC}") = "Tesselate", "agg-sharp\Tesselate\Tesselate.csproj", "{2306EDDA-416D-4178-B50B-D56F43F3F7DD}"
EndProject
Project("{FAE04EC0-301F-11D3-BF4B-00C04F79EFBC}") = "ImageProcessing", "agg-sharp\ImageProcessing\ImageProcessing.csproj", "{C97CD2B2-DC0D-4EE2-8CEE-51A37431A136}"
EndProject
Project("{FAE04EC0-301F-11D3-BF4B-00C04F79EFBC}") = "Localizations", "agg-sharp\Localizations\Localizations.csproj", "{D16AED7E-1EDF-4C0E-819F-AEA6A70B8122}"
EndProject
Project("{FAE04EC0-301F-11D3-BF4B-00C04F79EFBC}") = "ColmapDemo.Mac", "ColmapDemo.Mac\ColmapDemo.Mac.csproj", "{19683C10-4867-46F2-BCA5-F9CE6D9A9A7C}"
EndProject
Project("{FAE04EC0-301F-11D3-BF4B-00C04F79EFBC}") = "PlatformMac", "agg-sharp\PlatformMac\PlatformMac.csproj", "{4BC7DF1D-16C8-4BAF-9105-D892D8E6BAB0}"
EndProject
Project("{FAE04EC0-301F-11D3-BF4B-00C04F79EFBC}") = "GuiAutomation", "agg-sharp\GuiAutomation\GuiAutomation.csproj", "{D8A80FEC-008B-44E8-AFD9-747C7ACFFD2E}"
EndProject
Project("{FAE04EC0-301F-11D3-BF4B-00C04F79EFBC}") = "RenderCore", "agg-sharp\RenderCore\RenderCore.csproj", "{5F71DCB9-A920-4A29-BF4F-BBED95ACCBC0}"
EndProject
Project("{FAE04EC0-301F-11D3-BF4B-00C04F79EFBC}") = "RenderGl", "agg-sharp\RenderGl\RenderGl.csproj", "{7ACC7AD3-12C5-4073-A40E-394CC2499893}"
EndProject
Project("{FAE04EC0-301F-11D3-BF4B-00C04F79EFBC}") = "Csg", "agg-sharp\Csg\Csg.csproj", "{31D64568-EEEC-4563-A895-EEC0C40CE083}"
EndProject
Project("{FAE04EC0-301F-11D3-BF4B-00C04F79EFBC}") = "PolygonMesh", "agg-sharp\PolygonMesh\PolygonMesh.csproj", "{BBFA8A99-6F1A-4FF7-96A0-961FF6E2B0FD}"
EndProject
Project("{2150E333-8FDC-42A3-9474-1A3956D46DE8}") = "Submodules", "Submodules", "{36A26EDD-CA18-15F4-890A-EEB46487A438}"
EndProject
Project("{2150E333-8FDC-42A3-9474-1A3956D46DE8}") = "manifold-sharp", "manifold-sharp", "{C92F5C78-ECDD-B81F-FA89-44598F9E6434}"
EndProject
Project("{FAE04EC0-301F-11D3-BF4B-00C04F79EFBC}") = "ManifoldSharp", "agg-sharp\Submodules\manifold-sharp\ManifoldSharp\ManifoldSharp.csproj", "{B9A2FA51-6038-48AB-9C46-0AF1B193D629}"
EndProject
Project("{FAE04EC0-301F-11D3-BF4B-00C04F79EFBC}") = "geometry3Sharp", "agg-sharp\geometry3Sharp\geometry3Sharp.csproj", "{9F2B9E33-C849-414C-95EF-5311DB69BBBE}"
EndProject
Project("{FAE04EC0-301F-11D3-BF4B-00C04F79EFBC}") = "QuadTree", "agg-sharp\QuadTree\QuadTree.csproj", "{24C90E43-0A4A-46CD-8095-0BE912C11072}"
EndProject
Project("{FAE04EC0-301F-11D3-BF4B-00C04F79EFBC}") = "Triangle", "agg-sharp\Triangle\Triangle.csproj", "{BBB6190A-AC07-4054-B3A9-A541BA571545}"
EndProject
Project("{FAE04EC0-301F-11D3-BF4B-00C04F79EFBC}") = "WebGpuRender", "agg-sharp\WebGpuRender\WebGpuRender.csproj", "{F8D08A6B-6B3B-4061-8EE3-C8721EA52B0F}"
EndProject
Project("{2150E333-8FDC-42A3-9474-1A3956D46DE8}") = "WebGpu", "WebGpu", "{70D5A22C-358C-2ACB-2230-F173E18F00FE}"
EndProject
Project("{FAE04EC0-301F-11D3-BF4B-00C04F79EFBC}") = "MatterHackers.WebGpu", "agg-sharp\WebGpu\MatterHackers.WebGpu.csproj", "{320D3AD8-BB52-4D6E-A5F0-5C6DE5EDEA66}"
EndProject
Project("{FAE04EC0-301F-11D3-BF4B-00C04F79EFBC}") = "ColmapDemo.Browser", "ColmapDemo.Browser\ColmapDemo.Browser.csproj", "{85A85064-E06B-4D8D-8F70-41F0FA15192F}"
EndProject
Project("{FAE04EC0-301F-11D3-BF4B-00C04F79EFBC}") = "PlatformBrowser", "agg-sharp\PlatformBrowser\PlatformBrowser.csproj", "{9AA6B908-A974-4813-A67B-FF26D969D494}"
EndProject
Project("{FAE04EC0-301F-11D3-BF4B-00C04F79EFBC}") = "ColmapDemo.Tests", "ColmapDemo.Tests\ColmapDemo.Tests.csproj", "{50059F40-7892-415F-A182-C7BEEF0E3C27}"
EndProject
Project("{FAE04EC0-301F-11D3-BF4B-00C04F79EFBC}") = "ColmapDemo.Windows", "ColmapDemo.Windows\ColmapDemo.Windows.csproj", "{5D0201CB-52CF-4262-8886-8960A5640311}"
EndProject
Project("{FAE04EC0-301F-11D3-BF4B-00C04F79EFBC}") = "PlatformWin32", "agg-sharp\PlatformWin32\PlatformWin32.csproj", "{D4F1BDC2-3359-423D-83D2-AF53A685130C}"
EndProject
Global
	GlobalSection(SolutionConfigurationPlatforms) = preSolution
		Debug|Any CPU = Debug|Any CPU
		Debug|x64 = Debug|x64
		Debug|x86 = Debug|x86
		Release|Any CPU = Release|Any CPU
		Release|x64 = Release|x64
		Release|x86 = Release|x86
	EndGlobalSection
	GlobalSection(ProjectConfigurationPlatforms) = postSolution
		{1F0BABE5-5CDC-44E2-9F4A-44EACBA6A4CA}.Debug|Any CPU.ActiveCfg = Debug|Any CPU
		{1F0BABE5-5CDC-44E2-9F4A-44EACBA6A4CA}.Debug|Any CPU.Build.0 = Debug|Any CPU
		{1F0BABE5-5CDC-44E2-9F4A-44EACBA6A4CA}.Debug|x64.ActiveCfg = Debug|Any CPU
		{1F0BABE5-5CDC-44E2-9F4A-44EACBA6A4CA}.Debug|x64.Build.0 = Debug|Any CPU
		{1F0BABE5-5CDC-44E2-9F4A-44EACBA6A4CA}.Debug|x86.ActiveCfg = Debug|Any CPU
		{1F0BABE5-5CDC-44E2-9F4A-44EACBA6A4CA}.Debug|x86.Build.0 = Debug|Any CPU
		{1F0BABE5-5CDC-44E2-9F4A-44EACBA6A4CA}.Release|Any CPU.ActiveCfg = Release|Any CPU
		{1F0BABE5-5CDC-44E2-9F4A-44EACBA6A4CA}.Release|Any CPU.Build.0 = Release|Any CPU
		{1F0BABE5-5CDC-44E2-9F4A-44EACBA6A4CA}.Release|x64.ActiveCfg = Release|Any CPU
		{1F0BABE5-5CDC-44E2-9F4A-44EACBA6A4CA}.Release|x64.Build.0 = Release|Any CPU
		{1F0BABE5-5CDC-44E2-9F4A-44EACBA6A4CA}.Release|x86.ActiveCfg = Release|Any CPU
		{1F0BABE5-5CDC-44E2-9F4A-44EACBA6A4CA}.Release|x86.Build.0 = Release|Any CPU
		{3D607104-50E5-4BC4-AD34-65F1E899C509}.Debug|Any CPU.ActiveCfg = Debug|Any CPU
		{3D607104-50E5-4BC4-AD34-65F1E899C509}.Debug|Any CPU.Build.0 = Debug|Any CPU
		{3D607104-50E5-4BC4-AD34-65F1E899C509}.Debug|x64.ActiveCfg = Debug|Any CPU
		{3D607104-50E5-4BC4-AD34-65F1E899C509}.Debug|x64.Build.0 = Debug|Any CPU
		{3D607104-50E5-4BC4-AD34-65F1E899C509}.Debug|x86.ActiveCfg = Debug|Any CPU
		{3D607104-50E5-4BC4-AD34-65F1E899C509}.Debug|x86.Build.0 = Debug|Any CPU
		{3D607104-50E5-4BC4-AD34-65F1E899C509}.Release|Any CPU.ActiveCfg = Release|Any CPU
		{3D607104-50E5-4BC4-AD34-65F1E899C509}.Release|Any CPU.Build.0 = Release|Any CPU
		{3D607104-50E5-4BC4-AD34-65F1E899C509}.Release|x64.ActiveCfg = Release|Any CPU
		{3D607104-50E5-4BC4-AD34-65F1E899C509}.Release|x64.Build.0 = Release|Any CPU
		{3D607104-50E5-4BC4-AD34-65F1E899C509}.Release|x86.ActiveCfg = Release|Any CPU
		{3D607104-50E5-4BC4-AD34-65F1E899C509}.Release|x86.Build.0 = Release|Any CPU
		{3D659726-FE32-4ED2-B74F-EFE81127DE44}.Debug|Any CPU.ActiveCfg = Debug|Any CPU
		{3D659726-FE32-4ED2-B74F-EFE81127DE44}.Debug|Any CPU.Build.0 = Debug|Any CPU
		{3D659726-FE32-4ED2-B74F-EFE81127DE44}.Debug|x64.ActiveCfg = Debug|Any CPU
		{3D659726-FE32-4ED2-B74F-EFE81127DE44}.Debug|x64.Build.0 = Debug|Any CPU
		{3D659726-FE32-4ED2-B74F-EFE81127DE44}.Debug|x86.ActiveCfg = Debug|Any CPU
		{3D659726-FE32-4ED2-B74F-EFE81127DE44}.Debug|x86.Build.0 = Debug|Any CPU
		{3D659726-FE32-4ED2-B74F-EFE81127DE44}.Release|Any CPU.ActiveCfg = Release|Any CPU
		{3D659726-FE32-4ED2-B74F-EFE81127DE44}.Release|Any CPU.Build.0 = Release|Any CPU
		{3D659726-FE32-4ED2-B74F-EFE81127DE44}.Release|x64.ActiveCfg = Release|Any CPU
		{3D659726-FE32-4ED2-B74F-EFE81127DE44}.Release|x64.Build.0 = Release|Any CPU
		{3D659726-FE32-4ED2-B74F-EFE81127DE44}.Release|x86.ActiveCfg = Release|Any CPU
		{3D659726-FE32-4ED2-B74F-EFE81127DE44}.Release|x86.Build.0 = Release|Any CPU
		{AA6F16F2-CBEE-4C8A-8D02-6A934D8C7CEB}.Debug|Any CPU.ActiveCfg = Debug|Any CPU
		{AA6F16F2-CBEE-4C8A-8D02-6A934D8C7CEB}.Debug|Any CPU.Build.0 = Debug|Any CPU
		{AA6F16F2-CBEE-4C8A-8D02-6A934D8C7CEB}.Debug|x64.ActiveCfg = Debug|Any CPU
		{AA6F16F2-CBEE-4C8A-8D02-6A934D8C7CEB}.Debug|x64.Build.0 = Debug|Any CPU
		{AA6F16F2-CBEE-4C8A-8D02-6A934D8C7CEB}.Debug|x86.ActiveCfg = Debug|Any CPU
		{AA6F16F2-CBEE-4C8A-8D02-6A934D8C7CEB}.Debug|x86.Build.0 = Debug|Any CPU
		{AA6F16F2-CBEE-4C8A-8D02-6A934D8C7CEB}.Release|Any CPU.ActiveCfg = Release|Any CPU
		{AA6F16F2-CBEE-4C8A-8D02-6A934D8C7CEB}.Release|Any CPU.Build.0 = Release|Any CPU
		{AA6F16F2-CBEE-4C8A-8D02-6A934D8C7CEB}.Release|x64.ActiveCfg = Release|Any CPU
		{AA6F16F2-CBEE-4C8A-8D02-6A934D8C7CEB}.Release|x64.Build.0 = Release|Any CPU
		{AA6F16F2-CBEE-4C8A-8D02-6A934D8C7CEB}.Release|x86.ActiveCfg = Release|Any CPU
		{AA6F16F2-CBEE-4C8A-8D02-6A934D8C7CEB}.Release|x86.Build.0 = Release|Any CPU
		{2B21D48C-4D23-4A92-8883-713457B02BA6}.Debug|Any CPU.ActiveCfg = Debug|Any CPU
		{2B21D48C-4D23-4A92-8883-713457B02BA6}.Debug|Any CPU.Build.0 = Debug|Any CPU
		{2B21D48C-4D23-4A92-8883-713457B02BA6}.Debug|x64.ActiveCfg = Debug|Any CPU
		{2B21D48C-4D23-4A92-8883-713457B02BA6}.Debug|x64.Build.0 = Debug|Any CPU
		{2B21D48C-4D23-4A92-8883-713457B02BA6}.Debug|x86.ActiveCfg = Debug|Any CPU
		{2B21D48C-4D23-4A92-8883-713457B02BA6}.Debug|x86.Build.0 = Debug|Any CPU
		{2B21D48C-4D23-4A92-8883-713457B02BA6}.Release|Any CPU.ActiveCfg = Release|Any CPU
		{2B21D48C-4D23-4A92-8883-713457B02BA6}.Release|Any CPU.Build.0 = Release|Any CPU
		{2B21D48C-4D23-4A92-8883-713457B02BA6}.Release|x64.ActiveCfg = Release|Any CPU
		{2B21D48C-4D23-4A92-8883-713457B02BA6}.Release|x64.Build.0 = Release|Any CPU
		{2B21D48C-4D23-4A92-8883-713457B02BA6}.Release|x86.ActiveCfg = Release|Any CPU
		{2B21D48C-4D23-4A92-8883-713457B02BA6}.Release|x86.Build.0 = Release|Any CPU
		{6FE683F2-E55F-4E43-B3A7-D108FF0C5C44}.Debug|Any CPU.ActiveCfg = Debug|Any CPU
		{6FE683F2-E55F-4E43-B3A7-D108FF0C5C44}.Debug|Any CPU.Build.0 = Debug|Any CPU
		{6FE683F2-E55F-4E43-B3A7-D108FF0C5C44}.Debug|x64.ActiveCfg = Debug|Any CPU
		{6FE683F2-E55F-4E43-B3A7-D108FF0C5C44}.Debug|x64.Build.0 = Debug|Any CPU
		{6FE683F2-E55F-4E43-B3A7-D108FF0C5C44}.Debug|x86.ActiveCfg = Debug|Any CPU
		{6FE683F2-E55F-4E43-B3A7-D108FF0C5C44}.Debug|x86.Build.0 = Debug|Any CPU
		{6FE683F2-E55F-4E43-B3A7-D108FF0C5C44}.Release|Any CPU.ActiveCfg = Release|Any CPU
		{6FE683F2-E55F-4E43-B3A7-D108FF0C5C44}.Release|Any CPU.Build.0 = Release|Any CPU
		{6FE683F2-E55F-4E43-B3A7-D108FF0C5C44}.Release|x64.ActiveCfg = Release|Any CPU
		{6FE683F2-E55F-4E43-B3A7-D108FF0C5C44}.Release|x64.Build.0 = Release|Any CPU
		{6FE683F2-E55F-4E43-B3A7-D108FF0C5C44}.Release|x86.ActiveCfg = Release|Any CPU
		{6FE683F2-E55F-4E43-B3A7-D108FF0C5C44}.Release|x86.Build.0 = Release|Any CPU
		{133ECAC2-2E74-4F03-8B74-B0AA22EC8E2E}.Debug|Any CPU.ActiveCfg = Debug|Any CPU
		{133ECAC2-2E74-4F03-8B74-B0AA22EC8E2E}.Debug|Any CPU.Build.0 = Debug|Any CPU
		{133ECAC2-2E74-4F03-8B74-B0AA22EC8E2E}.Debug|x64.ActiveCfg = Debug|Any CPU
		{133ECAC2-2E74-4F03-8B74-B0AA22EC8E2E}.Debug|x64.Build.0 = Debug|Any CPU
		{133ECAC2-2E74-4F03-8B74-B0AA22EC8E2E}.Debug|x86.ActiveCfg = Debug|Any CPU
		{133ECAC2-2E74-4F03-8B74-B0AA22EC8E2E}.Debug|x86.Build.0 = Debug|Any CPU
		{133ECAC2-2E74-4F03-8B74-B0AA22EC8E2E}.Release|Any CPU.ActiveCfg = Release|Any CPU
		{133ECAC2-2E74-4F03-8B74-B0AA22EC8E2E}.Release|Any CPU.Build.0 = Release|Any CPU
		{133ECAC2-2E74-4F03-8B74-B0AA22EC8E2E}.Release|x64.ActiveCfg = Release|Any CPU
		{133ECAC2-2E74-4F03-8B74-B0AA22EC8E2E}.Release|x64.Build.0 = Release|Any CPU
		{133ECAC2-2E74-4F03-8B74-B0AA22EC8E2E}.Release|x86.ActiveCfg = Release|Any CPU
		{133ECAC2-2E74-4F03-8B74-B0AA22EC8E2E}.Release|x86.Build.0 = Release|Any CPU
		{4FA8F52C-7005-4E69-8439-589BDBE42B3B}.Debug|Any CPU.ActiveCfg = Debug|Any CPU
		{4FA8F52C-7005-4E69-8439-589BDBE42B3B}.Debug|Any CPU.Build.0 = Debug|Any CPU
		{4FA8F52C-7005-4E69-8439-589BDBE42B3B}.Debug|x64.ActiveCfg = Debug|Any CPU
		{4FA8F52C-7005-4E69-8439-589BDBE42B3B}.Debug|x64.Build.0 = Debug|Any CPU
		{4FA8F52C-7005-4E69-8439-589BDBE42B3B}.Debug|x86.ActiveCfg = Debug|Any CPU
		{4FA8F52C-7005-4E69-8439-589BDBE42B3B}.Debug|x86.Build.0 = Debug|Any CPU
		{4FA8F52C-7005-4E69-8439-589BDBE42B3B}.Release|Any CPU.ActiveCfg = Release|Any CPU
		{4FA8F52C-7005-4E69-8439-589BDBE42B3B}.Release|Any CPU.Build.0 = Release|Any CPU
		{4FA8F52C-7005-4E69-8439-589BDBE42B3B}.Release|x64.ActiveCfg = Release|Any CPU
		{4FA8F52C-7005-4E69-8439-589BDBE42B3B}.Release|x64.Build.0 = Release|Any CPU
		{4FA8F52C-7005-4E69-8439-589BDBE42B3B}.Release|x86.ActiveCfg = Release|Any CPU
		{4FA8F52C-7005-4E69-8439-589BDBE42B3B}.Release|x86.Build.0 = Release|Any CPU
		{2306EDDA-416D-4178-B50B-D56F43F3F7DD}.Debug|Any CPU.ActiveCfg = Debug|Any CPU
		{2306EDDA-416D-4178-B50B-D56F43F3F7DD}.Debug|Any CPU.Build.0 = Debug|Any CPU
		{2306EDDA-416D-4178-B50B-D56F43F3F7DD}.Debug|x64.ActiveCfg = Debug|Any CPU
		{2306EDDA-416D-4178-B50B-D56F43F3F7DD}.Debug|x64.Build.0 = Debug|Any CPU
		{2306EDDA-416D-4178-B50B-D56F43F3F7DD}.Debug|x86.ActiveCfg = Debug|Any CPU
		{2306EDDA-416D-4178-B50B-D56F43F3F7DD}.Debug|x86.Build.0 = Debug|Any CPU
		{2306EDDA-416D-4178-B50B-D56F43F3F7DD}.Release|Any CPU.ActiveCfg = Release|Any CPU
		{2306EDDA-416D-4178-B50B-D56F43F3F7DD}.Release|Any CPU.Build.0 = Release|Any CPU
		{2306EDDA-416D-4178-B50B-D56F43F3F7DD}.Release|x64.ActiveCfg = Release|Any CPU
		{2306EDDA-416D-4178-B50B-D56F43F3F7DD}.Release|x64.Build.0 = Release|Any CPU
		{2306EDDA-416D-4178-B50B-D56F43F3F7DD}.Release|x86.ActiveCfg = Release|Any CPU
		{2306EDDA-416D-4178-B50B-D56F43F3F7DD}.Release|x86.Build.0 = Release|Any CPU
		{C97CD2B2-DC0D-4EE2-8CEE-51A37431A136}.Debug|Any CPU.ActiveCfg = Debug|Any CPU
		{C97CD2B2-DC0D-4EE2-8CEE-51A37431A136}.Debug|Any CPU.Build.0 = Debug|Any CPU
		{C97CD2B2-DC0D-4EE2-8CEE-51A37431A136}.Debug|x64.ActiveCfg = Debug|Any CPU
		{C97CD2B2-DC0D-4EE2-8CEE-51A37431A136}.Debug|x64.Build.0 = Debug|Any CPU
		{C97CD2B2-DC0D-4EE2-8CEE-51A37431A136}.Debug|x86.ActiveCfg = Debug|Any CPU
		{C97CD2B2-DC0D-4EE2-8CEE-51A37431A136}.Debug|x86.Build.0 = Debug|Any CPU
		{C97CD2B2-DC0D-4EE2-8CEE-51A37431A136}.Release|Any CPU.ActiveCfg = Release|Any CPU
		{C97CD2B2-DC0D-4EE2-8CEE-51A37431A136}.Release|Any CPU.Build.0 = Release|Any CPU
		{C97CD2B2-DC0D-4EE2-8CEE-51A37431A136}.Release|x64.ActiveCfg = Release|Any CPU
		{C97CD2B2-DC0D-4EE2-8CEE-51A37431A136}.Release|x64.Build.0 = Release|Any CPU
		{C97CD2B2-DC0D-4EE2-8CEE-51A37431A136}.Release|x86.ActiveCfg = Release|Any CPU
		{C97CD2B2-DC0D-4EE2-8CEE-51A37431A136}.Release|x86.Build.0 = Release|Any CPU
		{D16AED7E-1EDF-4C0E-819F-AEA6A70B8122}.Debug|Any CPU.ActiveCfg = Debug|Any CPU
		{D16AED7E-1EDF-4C0E-819F-AEA6A70B8122}.Debug|Any CPU.Build.0 = Debug|Any CPU
		{D16AED7E-1EDF-4C0E-819F-AEA6A70B8122}.Debug|x64.ActiveCfg = Debug|Any CPU
		{D16AED7E-1EDF-4C0E-819F-AEA6A70B8122}.Debug|x64.Build.0 = Debug|Any CPU
		{D16AED7E-1EDF-4C0E-819F-AEA6A70B8122}.Debug|x86.ActiveCfg = Debug|Any CPU
		{D16AED7E-1EDF-4C0E-819F-AEA6A70B8122}.Debug|x86.Build.0 = Debug|Any CPU
		{D16AED7E-1EDF-4C0E-819F-AEA6A70B8122}.Release|Any CPU.ActiveCfg = Release|Any CPU
		{D16AED7E-1EDF-4C0E-819F-AEA6A70B8122}.Release|Any CPU.Build.0 = Release|Any CPU
		{D16AED7E-1EDF-4C0E-819F-AEA6A70B8122}.Release|x64.ActiveCfg = Release|Any CPU
		{D16AED7E-1EDF-4C0E-819F-AEA6A70B8122}.Release|x64.Build.0 = Release|Any CPU
		{D16AED7E-1EDF-4C0E-819F-AEA6A70B8122}.Release|x86.ActiveCfg = Release|Any CPU
		{D16AED7E-1EDF-4C0E-819F-AEA6A70B8122}.Release|x86.Build.0 = Release|Any CPU
		{19683C10-4867-46F2-BCA5-F9CE6D9A9A7C}.Debug|Any CPU.ActiveCfg = Debug|Any CPU
		{19683C10-4867-46F2-BCA5-F9CE6D9A9A7C}.Debug|Any CPU.Build.0 = Debug|Any CPU
		{19683C10-4867-46F2-BCA5-F9CE6D9A9A7C}.Debug|x64.ActiveCfg = Debug|Any CPU
		{19683C10-4867-46F2-BCA5-F9CE6D9A9A7C}.Debug|x64.Build.0 = Debug|Any CPU
		{19683C10-4867-46F2-BCA5-F9CE6D9A9A7C}.Debug|x86.ActiveCfg = Debug|Any CPU
		{19683C10-4867-46F2-BCA5-F9CE6D9A9A7C}.Debug|x86.Build.0 = Debug|Any CPU
		{19683C10-4867-46F2-BCA5-F9CE6D9A9A7C}.Release|Any CPU.ActiveCfg = Release|Any CPU
		{19683C10-4867-46F2-BCA5-F9CE6D9A9A7C}.Release|Any CPU.Build.0 = Release|Any CPU
		{19683C10-4867-46F2-BCA5-F9CE6D9A9A7C}.Release|x64.ActiveCfg = Release|Any CPU
		{19683C10-4867-46F2-BCA5-F9CE6D9A9A7C}.Release|x64.Build.0 = Release|Any CPU
		{19683C10-4867-46F2-BCA5-F9CE6D9A9A7C}.Release|x86.ActiveCfg = Release|Any CPU
		{19683C10-4867-46F2-BCA5-F9CE6D9A9A7C}.Release|x86.Build.0 = Release|Any CPU
		{4BC7DF1D-16C8-4BAF-9105-D892D8E6BAB0}.Debug|Any CPU.ActiveCfg = Debug|Any CPU
		{4BC7DF1D-16C8-4BAF-9105-D892D8E6BAB0}.Debug|Any CPU.Build.0 = Debug|Any CPU
		{4BC7DF1D-16C8-4BAF-9105-D892D8E6BAB0}.Debug|x64.ActiveCfg = Debug|Any CPU
		{4BC7DF1D-16C8-4BAF-9105-D892D8E6BAB0}.Debug|x64.Build.0 = Debug|Any CPU
		{4BC7DF1D-16C8-4BAF-9105-D892D8E6BAB0}.Debug|x86.ActiveCfg = Debug|Any CPU
		{4BC7DF1D-16C8-4BAF-9105-D892D8E6BAB0}.Debug|x86.Build.0 = Debug|Any CPU
		{4BC7DF1D-16C8-4BAF-9105-D892D8E6BAB0}.Release|Any CPU.ActiveCfg = Release|Any CPU
		{4BC7DF1D-16C8-4BAF-9105-D892D8E6BAB0}.Release|Any CPU.Build.0 = Release|Any CPU
		{4BC7DF1D-16C8-4BAF-9105-D892D8E6BAB0}.Release|x64.ActiveCfg = Release|Any CPU
		{4BC7DF1D-16C8-4BAF-9105-D892D8E6BAB0}.Release|x64.Build.0 = Release|Any CPU
		{4BC7DF1D-16C8-4BAF-9105-D892D8E6BAB0}.Release|x86.ActiveCfg = Release|Any CPU
		{4BC7DF1D-16C8-4BAF-9105-D892D8E6BAB0}.Release|x86.Build.0 = Release|Any CPU
		{D8A80FEC-008B-44E8-AFD9-747C7ACFFD2E}.Debug|Any CPU.ActiveCfg = Debug|Any CPU
		{D8A80FEC-008B-44E8-AFD9-747C7ACFFD2E}.Debug|Any CPU.Build.0 = Debug|Any CPU
		{D8A80FEC-008B-44E8-AFD9-747C7ACFFD2E}.Debug|x64.ActiveCfg = Debug|Any CPU
		{D8A80FEC-008B-44E8-AFD9-747C7ACFFD2E}.Debug|x64.Build.0 = Debug|Any CPU
		{D8A80FEC-008B-44E8-AFD9-747C7ACFFD2E}.Debug|x86.ActiveCfg = Debug|Any CPU
		{D8A80FEC-008B-44E8-AFD9-747C7ACFFD2E}.Debug|x86.Build.0 = Debug|Any CPU
		{D8A80FEC-008B-44E8-AFD9-747C7ACFFD2E}.Release|Any CPU.ActiveCfg = Release|Any CPU
		{D8A80FEC-008B-44E8-AFD9-747C7ACFFD2E}.Release|Any CPU.Build.0 = Release|Any CPU
		{D8A80FEC-008B-44E8-AFD9-747C7ACFFD2E}.Release|x64.ActiveCfg = Release|Any CPU
		{D8A80FEC-008B-44E8-AFD9-747C7ACFFD2E}.Release|x64.Build.0 = Release|Any CPU
		{D8A80FEC-008B-44E8-AFD9-747C7ACFFD2E}.Release|x86.ActiveCfg = Release|Any CPU
		{D8A80FEC-008B-44E8-AFD9-747C7ACFFD2E}.Release|x86.Build.0 = Release|Any CPU
		{5F71DCB9-A920-4A29-BF4F-BBED95ACCBC0}.Debug|Any CPU.ActiveCfg = Debug|Any CPU
		{5F71DCB9-A920-4A29-BF4F-BBED95ACCBC0}.Debug|Any CPU.Build.0 = Debug|Any CPU
		{5F71DCB9-A920-4A29-BF4F-BBED95ACCBC0}.Debug|x64.ActiveCfg = Debug|Any CPU
		{5F71DCB9-A920-4A29-BF4F-BBED95ACCBC0}.Debug|x64.Build.0 = Debug|Any CPU
		{5F71DCB9-A920-4A29-BF4F-BBED95ACCBC0}.Debug|x86.ActiveCfg = Debug|Any CPU
		{5F71DCB9-A920-4A29-BF4F-BBED95ACCBC0}.Debug|x86.Build.0 = Debug|Any CPU
		{5F71DCB9-A920-4A29-BF4F-BBED95ACCBC0}.Release|Any CPU.ActiveCfg = Release|Any CPU
		{5F71DCB9-A920-4A29-BF4F-BBED95ACCBC0}.Release|Any CPU.Build.0 = Release|Any CPU
		{5F71DCB9-A920-4A29-BF4F-BBED95ACCBC0}.Release|x64.ActiveCfg = Release|Any CPU
		{5F71DCB9-A920-4A29-BF4F-BBED95ACCBC0}.Release|x64.Build.0 = Release|Any CPU
		{5F71DCB9-A920-4A29-BF4F-BBED95ACCBC0}.Release|x86.ActiveCfg = Release|Any CPU
		{5F71DCB9-A920-4A29-BF4F-BBED95ACCBC0}.Release|x86.Build.0 = Release|Any CPU
		{7ACC7AD3-12C5-4073-A40E-394CC2499893}.Debug|Any CPU.ActiveCfg = Debug|Any CPU
		{7ACC7AD3-12C5-4073-A40E-394CC2499893}.Debug|Any CPU.Build.0 = Debug|Any CPU
		{7ACC7AD3-12C5-4073-A40E-394CC2499893}.Debug|x64.ActiveCfg = Debug|Any CPU
		{7ACC7AD3-12C5-4073-A40E-394CC2499893}.Debug|x64.Build.0 = Debug|Any CPU
		{7ACC7AD3-12C5-4073-A40E-394CC2499893}.Debug|x86.ActiveCfg = Debug|Any CPU
		{7ACC7AD3-12C5-4073-A40E-394CC2499893}.Debug|x86.Build.0 = Debug|Any CPU
		{7ACC7AD3-12C5-4073-A40E-394CC2499893}.Release|Any CPU.ActiveCfg = Release|Any CPU
		{7ACC7AD3-12C5-4073-A40E-394CC2499893}.Release|Any CPU.Build.0 = Release|Any CPU
		{7ACC7AD3-12C5-4073-A40E-394CC2499893}.Release|x64.ActiveCfg = Release|Any CPU
		{7ACC7AD3-12C5-4073-A40E-394CC2499893}.Release|x64.Build.0 = Release|Any CPU
		{7ACC7AD3-12C5-4073-A40E-394CC2499893}.Release|x86.ActiveCfg = Release|Any CPU
		{7ACC7AD3-12C5-4073-A40E-394CC2499893}.Release|x86.Build.0 = Release|Any CPU
		{31D64568-EEEC-4563-A895-EEC0C40CE083}.Debug|Any CPU.ActiveCfg = Debug|Any CPU
		{31D64568-EEEC-4563-A895-EEC0C40CE083}.Debug|Any CPU.Build.0 = Debug|Any CPU
		{31D64568-EEEC-4563-A895-EEC0C40CE083}.Debug|x64.ActiveCfg = Debug|Any CPU
		{31D64568-EEEC-4563-A895-EEC0C40CE083}.Debug|x64.Build.0 = Debug|Any CPU
		{31D64568-EEEC-4563-A895-EEC0C40CE083}.Debug|x86.ActiveCfg = Debug|Any CPU
		{31D64568-EEEC-4563-A895-EEC0C40CE083}.Debug|x86.Build.0 = Debug|Any CPU
		{31D64568-EEEC-4563-A895-EEC0C40CE083}.Release|Any CPU.ActiveCfg = Release|Any CPU
		{31D64568-EEEC-4563-A895-EEC0C40CE083}.Release|Any CPU.Build.0 = Release|Any CPU
		{31D64568-EEEC-4563-A895-EEC0C40CE083}.Release|x64.ActiveCfg = Release|Any CPU
		{31D64568-EEEC-4563-A895-EEC0C40CE083}.Release|x64.Build.0 = Release|Any CPU
		{31D64568-EEEC-4563-A895-EEC0C40CE083}.Release|x86.ActiveCfg = Release|Any CPU
		{31D64568-EEEC-4563-A895-EEC0C40CE083}.Release|x86.Build.0 = Release|Any CPU
		{BBFA8A99-6F1A-4FF7-96A0-961FF6E2B0FD}.Debug|Any CPU.ActiveCfg = Debug|Any CPU
		{BBFA8A99-6F1A-4FF7-96A0-961FF6E2B0FD}.Debug|Any CPU.Build.0 = Debug|Any CPU
		{BBFA8A99-6F1A-4FF7-96A0-961FF6E2B0FD}.Debug|x64.ActiveCfg = Debug|Any CPU
		{BBFA8A99-6F1A-4FF7-96A0-961FF6E2B0FD}.Debug|x64.Build.0 = Debug|Any CPU
		{BBFA8A99-6F1A-4FF7-96A0-961FF6E2B0FD}.Debug|x86.ActiveCfg = Debug|Any CPU
		{BBFA8A99-6F1A-4FF7-96A0-961FF6E2B0FD}.Debug|x86.Build.0 = Debug|Any CPU
		{BBFA8A99-6F1A-4FF7-96A0-961FF6E2B0FD}.Release|Any CPU.ActiveCfg = Release|Any CPU
		{BBFA8A99-6F1A-4FF7-96A0-961FF6E2B0FD}.Release|Any CPU.Build.0 = Release|Any CPU
		{BBFA8A99-6F1A-4FF7-96A0-961FF6E2B0FD}.Release|x64.ActiveCfg = Release|Any CPU
		{BBFA8A99-6F1A-4FF7-96A0-961FF6E2B0FD}.Release|x64.Build.0 = Release|Any CPU
		{BBFA8A99-6F1A-4FF7-96A0-961FF6E2B0FD}.Release|x86.ActiveCfg = Release|Any CPU
		{BBFA8A99-6F1A-4FF7-96A0-961FF6E2B0FD}.Release|x86.Build.0 = Release|Any CPU
		{B9A2FA51-6038-48AB-9C46-0AF1B193D629}.Debug|Any CPU.ActiveCfg = Debug|Any CPU
		{B9A2FA51-6038-48AB-9C46-0AF1B193D629}.Debug|Any CPU.Build.0 = Debug|Any CPU
		{B9A2FA51-6038-48AB-9C46-0AF1B193D629}.Debug|x64.ActiveCfg = Debug|Any CPU
		{B9A2FA51-6038-48AB-9C46-0AF1B193D629}.Debug|x64.Build.0 = Debug|Any CPU
		{B9A2FA51-6038-48AB-9C46-0AF1B193D629}.Debug|x86.ActiveCfg = Debug|Any CPU
		{B9A2FA51-6038-48AB-9C46-0AF1B193D629}.Debug|x86.Build.0 = Debug|Any CPU
		{B9A2FA51-6038-48AB-9C46-0AF1B193D629}.Release|Any CPU.ActiveCfg = Release|Any CPU
		{B9A2FA51-6038-48AB-9C46-0AF1B193D629}.Release|Any CPU.Build.0 = Release|Any CPU
		{B9A2FA51-6038-48AB-9C46-0AF1B193D629}.Release|x64.ActiveCfg = Release|Any CPU
		{B9A2FA51-6038-48AB-9C46-0AF1B193D629}.Release|x64.Build.0 = Release|Any CPU
		{B9A2FA51-6038-48AB-9C46-0AF1B193D629}.Release|x86.ActiveCfg = Release|Any CPU
		{B9A2FA51-6038-48AB-9C46-0AF1B193D629}.Release|x86.Build.0 = Release|Any CPU
		{9F2B9E33-C849-414C-95EF-5311DB69BBBE}.Debug|Any CPU.ActiveCfg = Debug|Any CPU
		{9F2B9E33-C849-414C-95EF-5311DB69BBBE}.Debug|Any CPU.Build.0 = Debug|Any CPU
		{9F2B9E33-C849-414C-95EF-5311DB69BBBE}.Debug|x64.ActiveCfg = Debug|Any CPU
		{9F2B9E33-C849-414C-95EF-5311DB69BBBE}.Debug|x64.Build.0 = Debug|Any CPU
		{9F2B9E33-C849-414C-95EF-5311DB69BBBE}.Debug|x86.ActiveCfg = Debug|Any CPU
		{9F2B9E33-C849-414C-95EF-5311DB69BBBE}.Debug|x86.Build.0 = Debug|Any CPU
		{9F2B9E33-C849-414C-95EF-5311DB69BBBE}.Release|Any CPU.ActiveCfg = Release|Any CPU
		{9F2B9E33-C849-414C-95EF-5311DB69BBBE}.Release|Any CPU.Build.0 = Release|Any CPU
		{9F2B9E33-C849-414C-95EF-5311DB69BBBE}.Release|x64.ActiveCfg = Release|Any CPU
		{9F2B9E33-C849-414C-95EF-5311DB69BBBE}.Release|x64.Build.0 = Release|Any CPU
		{9F2B9E33-C849-414C-95EF-5311DB69BBBE}.Release|x86.ActiveCfg = Release|Any CPU
		{9F2B9E33-C849-414C-95EF-5311DB69BBBE}.Release|x86.Build.0 = Release|Any CPU
		{24C90E43-0A4A-46CD-8095-0BE912C11072}.Debug|Any CPU.ActiveCfg = Debug|Any CPU
		{24C90E43-0A4A-46CD-8095-0BE912C11072}.Debug|Any CPU.Build.0 = Debug|Any CPU
		{24C90E43-0A4A-46CD-8095-0BE912C11072}.Debug|x64.ActiveCfg = Debug|Any CPU
		{24C90E43-0A4A-46CD-8095-0BE912C11072}.Debug|x64.Build.0 = Debug|Any CPU
		{24C90E43-0A4A-46CD-8095-0BE912C11072}.Debug|x86.ActiveCfg = Debug|Any CPU
		{24C90E43-0A4A-46CD-8095-0BE912C11072}.Debug|x86.Build.0 = Debug|Any CPU
		{24C90E43-0A4A-46CD-8095-0BE912C11072}.Release|Any CPU.ActiveCfg = Release|Any CPU
		{24C90E43-0A4A-46CD-8095-0BE912C11072}.Release|Any CPU.Build.0 = Release|Any CPU
		{24C90E43-0A4A-46CD-8095-0BE912C11072}.Release|x64.ActiveCfg = Release|Any CPU
		{24C90E43-0A4A-46CD-8095-0BE912C11072}.Release|x64.Build.0 = Release|Any CPU
		{24C90E43-0A4A-46CD-8095-0BE912C11072}.Release|x86.ActiveCfg = Release|Any CPU
		{24C90E43-0A4A-46CD-8095-0BE912C11072}.Release|x86.Build.0 = Release|Any CPU
		{BBB6190A-AC07-4054-B3A9-A541BA571545}.Debug|Any CPU.ActiveCfg = Debug|Any CPU
		{BBB6190A-AC07-4054-B3A9-A541BA571545}.Debug|Any CPU.Build.0 = Debug|Any CPU
		{BBB6190A-AC07-4054-B3A9-A541BA571545}.Debug|x64.ActiveCfg = Debug|x64
		{BBB6190A-AC07-4054-B3A9-A541BA571545}.Debug|x64.Build.0 = Debug|x64
		{BBB6190A-AC07-4054-B3A9-A541BA571545}.Debug|x86.ActiveCfg = Debug|Any CPU
		{BBB6190A-AC07-4054-B3A9-A541BA571545}.Debug|x86.Build.0 = Debug|Any CPU
		{BBB6190A-AC07-4054-B3A9-A541BA571545}.Release|Any CPU.ActiveCfg = Release|Any CPU
		{BBB6190A-AC07-4054-B3A9-A541BA571545}.Release|Any CPU.Build.0 = Release|Any CPU
		{BBB6190A-AC07-4054-B3A9-A541BA571545}.Release|x64.ActiveCfg = Release|x64
		{BBB6190A-AC07-4054-B3A9-A541BA571545}.Release|x64.Build.0 = Release|x64
		{BBB6190A-AC07-4054-B3A9-A541BA571545}.Release|x86.ActiveCfg = Release|Any CPU
		{BBB6190A-AC07-4054-B3A9-A541BA571545}.Release|x86.Build.0 = Release|Any CPU
		{F8D08A6B-6B3B-4061-8EE3-C8721EA52B0F}.Debug|Any CPU.ActiveCfg = Debug|Any CPU
		{F8D08A6B-6B3B-4061-8EE3-C8721EA52B0F}.Debug|Any CPU.Build.0 = Debug|Any CPU
		{F8D08A6B-6B3B-4061-8EE3-C8721EA52B0F}.Debug|x64.ActiveCfg = Debug|Any CPU
		{F8D08A6B-6B3B-4061-8EE3-C8721EA52B0F}.Debug|x64.Build.0 = Debug|Any CPU
		{F8D08A6B-6B3B-4061-8EE3-C8721EA52B0F}.Debug|x86.ActiveCfg = Debug|Any CPU
		{F8D08A6B-6B3B-4061-8EE3-C8721EA52B0F}.Debug|x86.Build.0 = Debug|Any CPU
		{F8D08A6B-6B3B-4061-8EE3-C8721EA52B0F}.Release|Any CPU.ActiveCfg = Release|Any CPU
		{F8D08A6B-6B3B-4061-8EE3-C8721EA52B0F}.Release|Any CPU.Build.0 = Release|Any CPU
		{F8D08A6B-6B3B-4061-8EE3-C8721EA52B0F}.Release|x64.ActiveCfg = Release|Any CPU
		{F8D08A6B-6B3B-4061-8EE3-C8721EA52B0F}.Release|x64.Build.0 = Release|Any CPU
		{F8D08A6B-6B3B-4061-8EE3-C8721EA52B0F}.Release|x86.ActiveCfg = Release|Any CPU
		{F8D08A6B-6B3B-4061-8EE3-C8721EA52B0F}.Release|x86.Build.0 = Release|Any CPU
		{320D3AD8-BB52-4D6E-A5F0-5C6DE5EDEA66}.Debug|Any CPU.ActiveCfg = Debug|Any CPU
		{320D3AD8-BB52-4D6E-A5F0-5C6DE5EDEA66}.Debug|Any CPU.Build.0 = Debug|Any CPU
		{320D3AD8-BB52-4D6E-A5F0-5C6DE5EDEA66}.Debug|x64.ActiveCfg = Debug|Any CPU
		{320D3AD8-BB52-4D6E-A5F0-5C6DE5EDEA66}.Debug|x64.Build.0 = Debug|Any CPU
		{320D3AD8-BB52-4D6E-A5F0-5C6DE5EDEA66}.Debug|x86.ActiveCfg = Debug|Any CPU
		{320D3AD8-BB52-4D6E-A5F0-5C6DE5EDEA66}.Debug|x86.Build.0 = Debug|Any CPU
		{320D3AD8-BB52-4D6E-A5F0-5C6DE5EDEA66}.Release|Any CPU.ActiveCfg = Release|Any CPU
		{320D3AD8-BB52-4D6E-A5F0-5C6DE5EDEA66}.Release|Any CPU.Build.0 = Release|Any CPU
		{320D3AD8-BB52-4D6E-A5F0-5C6DE5EDEA66}.Release|x64.ActiveCfg = Release|Any CPU
		{320D3AD8-BB52-4D6E-A5F0-5C6DE5EDEA66}.Release|x64.Build.0 = Release|Any CPU
		{320D3AD8-BB52-4D6E-A5F0-5C6DE5EDEA66}.Release|x86.ActiveCfg = Release|Any CPU
		{320D3AD8-BB52-4D6E-A5F0-5C6DE5EDEA66}.Release|x86.Build.0 = Release|Any CPU
		{85A85064-E06B-4D8D-8F70-41F0FA15192F}.Debug|Any CPU.ActiveCfg = Debug|Any CPU
		{85A85064-E06B-4D8D-8F70-41F0FA15192F}.Debug|Any CPU.Build.0 = Debug|Any CPU
		{85A85064-E06B-4D8D-8F70-41F0FA15192F}.Debug|x64.ActiveCfg = Debug|Any CPU
		{85A85064-E06B-4D8D-8F70-41F0FA15192F}.Debug|x64.Build.0 = Debug|Any CPU
		{85A85064-E06B-4D8D-8F70-41F0FA15192F}.Debug|x86.ActiveCfg = Debug|Any CPU
		{85A85064-E06B-4D8D-8F70-41F0FA15192F}.Debug|x86.Build.0 = Debug|Any CPU
		{85A85064-E06B-4D8D-8F70-41F0FA15192F}.Release|Any CPU.ActiveCfg = Release|Any CPU
		{85A85064-E06B-4D8D-8F70-41F0FA15192F}.Release|Any CPU.Build.0 = Release|Any CPU
		{85A85064-E06B-4D8D-8F70-41F0FA15192F}.Release|x64.ActiveCfg = Release|Any CPU
		{85A85064-E06B-4D8D-8F70-41F0FA15192F}.Release|x64.Build.0 = Release|Any CPU
		{85A85064-E06B-4D8D-8F70-41F0FA15192F}.Release|x86.ActiveCfg = Release|Any CPU
		{85A85064-E06B-4D8D-8F70-41F0FA15192F}.Release|x86.Build.0 = Release|Any CPU
		{9AA6B908-A974-4813-A67B-FF26D969D494}.Debug|Any CPU.ActiveCfg = Debug|Any CPU
		{9AA6B908-A974-4813-A67B-FF26D969D494}.Debug|Any CPU.Build.0 = Debug|Any CPU
		{9AA6B908-A974-4813-A67B-FF26D969D494}.Debug|x64.ActiveCfg = Debug|Any CPU
		{9AA6B908-A974-4813-A67B-FF26D969D494}.Debug|x64.Build.0 = Debug|Any CPU
		{9AA6B908-A974-4813-A67B-FF26D969D494}.Debug|x86.ActiveCfg = Debug|Any CPU
		{9AA6B908-A974-4813-A67B-FF26D969D494}.Debug|x86.Build.0 = Debug|Any CPU
		{9AA6B908-A974-4813-A67B-FF26D969D494}.Release|Any CPU.ActiveCfg = Release|Any CPU
		{9AA6B908-A974-4813-A67B-FF26D969D494}.Release|Any CPU.Build.0 = Release|Any CPU
		{9AA6B908-A974-4813-A67B-FF26D969D494}.Release|x64.ActiveCfg = Release|Any CPU
		{9AA6B908-A974-4813-A67B-FF26D969D494}.Release|x64.Build.0 = Release|Any CPU
		{9AA6B908-A974-4813-A67B-FF26D969D494}.Release|x86.ActiveCfg = Release|Any CPU
		{9AA6B908-A974-4813-A67B-FF26D969D494}.Release|x86.Build.0 = Release|Any CPU
		{50059F40-7892-415F-A182-C7BEEF0E3C27}.Debug|Any CPU.ActiveCfg = Debug|Any CPU
		{50059F40-7892-415F-A182-C7BEEF0E3C27}.Debug|Any CPU.Build.0 = Debug|Any CPU
		{50059F40-7892-415F-A182-C7BEEF0E3C27}.Debug|x64.ActiveCfg = Debug|Any CPU
		{50059F40-7892-415F-A182-C7BEEF0E3C27}.Debug|x64.Build.0 = Debug|Any CPU
		{50059F40-7892-415F-A182-C7BEEF0E3C27}.Debug|x86.ActiveCfg = Debug|Any CPU
		{50059F40-7892-415F-A182-C7BEEF0E3C27}.Debug|x86.Build.0 = Debug|Any CPU
		{50059F40-7892-415F-A182-C7BEEF0E3C27}.Release|Any CPU.ActiveCfg = Release|Any CPU
		{50059F40-7892-415F-A182-C7BEEF0E3C27}.Release|Any CPU.Build.0 = Release|Any CPU
		{50059F40-7892-415F-A182-C7BEEF0E3C27}.Release|x64.ActiveCfg = Release|Any CPU
		{50059F40-7892-415F-A182-C7BEEF0E3C27}.Release|x64.Build.0 = Release|Any CPU
		{50059F40-7892-415F-A182-C7BEEF0E3C27}.Release|x86.ActiveCfg = Release|Any CPU
		{50059F40-7892-415F-A182-C7BEEF0E3C27}.Release|x86.Build.0 = Release|Any CPU
		{5D0201CB-52CF-4262-8886-8960A5640311}.Debug|Any CPU.ActiveCfg = Debug|Any CPU
		{5D0201CB-52CF-4262-8886-8960A5640311}.Debug|Any CPU.Build.0 = Debug|Any CPU
		{5D0201CB-52CF-4262-8886-8960A5640311}.Debug|x64.ActiveCfg = Debug|Any CPU
		{5D0201CB-52CF-4262-8886-8960A5640311}.Debug|x64.Build.0 = Debug|Any CPU
		{5D0201CB-52CF-4262-8886-8960A5640311}.Debug|x86.ActiveCfg = Debug|Any CPU
		{5D0201CB-52CF-4262-8886-8960A5640311}.Debug|x86.Build.0 = Debug|Any CPU
		{5D0201CB-52CF-4262-8886-8960A5640311}.Release|Any CPU.ActiveCfg = Release|Any CPU
		{5D0201CB-52CF-4262-8886-8960A5640311}.Release|Any CPU.Build.0 = Release|Any CPU
		{5D0201CB-52CF-4262-8886-8960A5640311}.Release|x64.ActiveCfg = Release|Any CPU
		{5D0201CB-52CF-4262-8886-8960A5640311}.Release|x64.Build.0 = Release|Any CPU
		{5D0201CB-52CF-4262-8886-8960A5640311}.Release|x86.ActiveCfg = Release|Any CPU
		{5D0201CB-52CF-4262-8886-8960A5640311}.Release|x86.Build.0 = Release|Any CPU
		{D4F1BDC2-3359-423D-83D2-AF53A685130C}.Debug|Any CPU.ActiveCfg = Debug|Any CPU
		{D4F1BDC2-3359-423D-83D2-AF53A685130C}.Debug|Any CPU.Build.0 = Debug|Any CPU
		{D4F1BDC2-3359-423D-83D2-AF53A685130C}.Debug|x64.ActiveCfg = Debug|Any CPU
		{D4F1BDC2-3359-423D-83D2-AF53A685130C}.Debug|x64.Build.0 = Debug|Any CPU
		{D4F1BDC2-3359-423D-83D2-AF53A685130C}.Debug|x86.ActiveCfg = Debug|Any CPU
		{D4F1BDC2-3359-423D-83D2-AF53A685130C}.Debug|x86.Build.0 = Debug|Any CPU
		{D4F1BDC2-3359-423D-83D2-AF53A685130C}.Release|Any CPU.ActiveCfg = Release|Any CPU
		{D4F1BDC2-3359-423D-83D2-AF53A685130C}.Release|Any CPU.Build.0 = Release|Any CPU
		{D4F1BDC2-3359-423D-83D2-AF53A685130C}.Release|x64.ActiveCfg = Release|Any CPU
		{D4F1BDC2-3359-423D-83D2-AF53A685130C}.Release|x64.Build.0 = Release|Any CPU
		{D4F1BDC2-3359-423D-83D2-AF53A685130C}.Release|x86.ActiveCfg = Release|Any CPU
		{D4F1BDC2-3359-423D-83D2-AF53A685130C}.Release|x86.Build.0 = Release|Any CPU
	EndGlobalSection
	GlobalSection(SolutionProperties) = preSolution
		HideSolutionNode = FALSE
	EndGlobalSection
	GlobalSection(NestedProjects) = preSolution
		{DB2CFDC9-3919-8C6F-39EA-50884AE18660} = {3E9D9A88-ACEA-C913-9076-3449FDF807EE}
		{3D659726-FE32-4ED2-B74F-EFE81127DE44} = {DB2CFDC9-3919-8C6F-39EA-50884AE18660}
		{708D99C9-17C2-C7B5-9AAE-469459555209} = {3E9D9A88-ACEA-C913-9076-3449FDF807EE}
		{AA6F16F2-CBEE-4C8A-8D02-6A934D8C7CEB} = {708D99C9-17C2-C7B5-9AAE-469459555209}
		{2B21D48C-4D23-4A92-8883-713457B02BA6} = {3E9D9A88-ACEA-C913-9076-3449FDF807EE}
		{6FE683F2-E55F-4E43-B3A7-D108FF0C5C44} = {3E9D9A88-ACEA-C913-9076-3449FDF807EE}
		{133ECAC2-2E74-4F03-8B74-B0AA22EC8E2E} = {3E9D9A88-ACEA-C913-9076-3449FDF807EE}
		{4FA8F52C-7005-4E69-8439-589BDBE42B3B} = {3E9D9A88-ACEA-C913-9076-3449FDF807EE}
		{2306EDDA-416D-4178-B50B-D56F43F3F7DD} = {3E9D9A88-ACEA-C913-9076-3449FDF807EE}
		{C97CD2B2-DC0D-4EE2-8CEE-51A37431A136} = {3E9D9A88-ACEA-C913-9076-3449FDF807EE}
		{D16AED7E-1EDF-4C0E-819F-AEA6A70B8122} = {3E9D9A88-ACEA-C913-9076-3449FDF807EE}
		{4BC7DF1D-16C8-4BAF-9105-D892D8E6BAB0} = {3E9D9A88-ACEA-C913-9076-3449FDF807EE}
		{D8A80FEC-008B-44E8-AFD9-747C7ACFFD2E} = {3E9D9A88-ACEA-C913-9076-3449FDF807EE}
		{5F71DCB9-A920-4A29-BF4F-BBED95ACCBC0} = {3E9D9A88-ACEA-C913-9076-3449FDF807EE}
		{7ACC7AD3-12C5-4073-A40E-394CC2499893} = {3E9D9A88-ACEA-C913-9076-3449FDF807EE}
		{31D64568-EEEC-4563-A895-EEC0C40CE083} = {3E9D9A88-ACEA-C913-9076-3449FDF807EE}
		{BBFA8A99-6F1A-4FF7-96A0-961FF6E2B0FD} = {3E9D9A88-ACEA-C913-9076-3449FDF807EE}
		{36A26EDD-CA18-15F4-890A-EEB46487A438} = {3E9D9A88-ACEA-C913-9076-3449FDF807EE}
		{C92F5C78-ECDD-B81F-FA89-44598F9E6434} = {36A26EDD-CA18-15F4-890A-EEB46487A438}
		{B9A2FA51-6038-48AB-9C46-0AF1B193D629} = {C92F5C78-ECDD-B81F-FA89-44598F9E6434}
		{9F2B9E33-C849-414C-95EF-5311DB69BBBE} = {3E9D9A88-ACEA-C913-9076-3449FDF807EE}
		{24C90E43-0A4A-46CD-8095-0BE912C11072} = {3E9D9A88-ACEA-C913-9076-3449FDF807EE}
		{BBB6190A-AC07-4054-B3A9-A541BA571545} = {3E9D9A88-ACEA-C913-9076-3449FDF807EE}
		{F8D08A6B-6B3B-4061-8EE3-C8721EA52B0F} = {3E9D9A88-ACEA-C913-9076-3449FDF807EE}
		{70D5A22C-358C-2ACB-2230-F173E18F00FE} = {3E9D9A88-ACEA-C913-9076-3449FDF807EE}
		{320D3AD8-BB52-4D6E-A5F0-5C6DE5EDEA66} = {70D5A22C-358C-2ACB-2230-F173E18F00FE}
		{9AA6B908-A974-4813-A67B-FF26D969D494} = {3E9D9A88-ACEA-C913-9076-3449FDF807EE}
		{D4F1BDC2-3359-423D-83D2-AF53A685130C} = {3E9D9A88-ACEA-C913-9076-3449FDF807EE}
	EndGlobalSection
	GlobalSection(SharedMSBuildProjectFiles) = preSolution
		agg-sharp\Typography\Typography.GlyphLayout\Typography.GlyphLayout.projitems*{aa6f16f2-cbee-4c8a-8d02-6a934d8c7ceb}*SharedItemsImports = 5
		agg-sharp\Typography\Typography.OpenFont\Typography.OpenFont.projitems*{aa6f16f2-cbee-4c8a-8d02-6a934d8c7ceb}*SharedItemsImports = 5
	EndGlobalSection
EndGlobal
